// !$*UTF8*$!
{
	archiveVersion = 1;
	classes = {
	};
	objectVersion = 56;
	objects = {

/* Begin PBXBuildFile section */
		55793A302AC78931003F98B6 /* ImageStackViewController.swift in Sources */ = {isa = PBXBuildFile; fileRef = 55793A2F2AC78931003F98B6 /* ImageStackViewController.swift */; };
		55DDC3932ABE4B5A0010CD3D /* AppDelegate.swift in Sources */ = {isa = PBXBuildFile; fileRef = 55DDC3922ABE4B5A0010CD3D /* AppDelegate.swift */; };
		55DDC3952ABE4B5A0010CD3D /* SceneDelegate.swift in Sources */ = {isa = PBXBuildFile; fileRef = 55DDC3942ABE4B5A0010CD3D /* SceneDelegate.swift */; };
		55DDC3972ABE4B5A0010CD3D /* ViewController.swift in Sources */ = {isa = PBXBuildFile; fileRef = 55DDC3962ABE4B5A0010CD3D /* ViewController.swift */; };
		55DDC39A2ABE4B5A0010CD3D /* Main.storyboard in Resources */ = {isa = PBXBuildFile; fileRef = 55DDC3982ABE4B5A0010CD3D /* Main.storyboard */; };
		55DDC39C2ABE4B5B0010CD3D /* Assets.xcassets in Resources */ = {isa = PBXBuildFile; fileRef = 55DDC39B2ABE4B5B0010CD3D /* Assets.xcassets */; };
		55DDC39F2ABE4B5B0010CD3D /* LaunchScreen.storyboard in Resources */ = {isa = PBXBuildFile; fileRef = 55DDC39D2ABE4B5B0010CD3D /* LaunchScreen.storyboard */; };
		55DDC3AA2ABE4B5B0010CD3D /* MyFirstAppTests.swift in Sources */ = {isa = PBXBuildFile; fileRef = 55DDC3A92ABE4B5B0010CD3D /* MyFirstAppTests.swift */; };
		55DDC3B42ABE4B5B0010CD3D /* MyFirstAppUITests.swift in Sources */ = {isa = PBXBuildFile; fileRef = 55DDC3B32ABE4B5B0010CD3D /* MyFirstAppUITests.swift */; };
		55DDC3B62ABE4B5B0010CD3D /* MyFirstAppUITestsLaunchTests.swift in Sources */ = {isa = PBXBuildFile; fileRef = 55DDC3B52ABE4B5B0010CD3D /* MyFirstAppUITestsLaunchTests.swift */; };
		55DDC3C32ABE54220010CD3D /* MySecondlLunchScreen.storyboard in Resources */ = {isa = PBXBuildFile; fileRef = 55DDC3C22ABE54220010CD3D /* MySecondlLunchScreen.storyboard */; };
/* End PBXBuildFile section */

/* Begin PBXContainerItemProxy section */
		55DDC3A62ABE4B5B0010CD3D /* PBXContainerItemProxy */ = {
			isa = PBXContainerItemProxy;
			containerPortal = 55DDC3872ABE4B5A0010CD3D /* Project object */;
			proxyType = 1;
			remoteGlobalIDString = 55DDC38E2ABE4B5A0010CD3D;
			remoteInfo = MyFirstApp;
		};
		55DDC3B02ABE4B5B0010CD3D /* PBXContainerItemProxy */ = {
			isa = PBXContainerItemProxy;
			containerPortal = 55DDC3872ABE4B5A0010CD3D /* Project object */;
			proxyType = 1;
			remoteGlobalIDString = 55DDC38E2ABE4B5A0010CD3D;
			remoteInfo = MyFirstApp;
		};
/* End PBXContainerItemProxy section */

/* Begin PBXFileReference section */
		55793A2F2AC78931003F98B6 /* ImageStackViewController.swift */ = {isa = PBXFileReference; lastKnownFileType = sourcecode.swift; path = ImageStackViewController.swift; sourceTree = "<group>"; };
		55DDC38F2ABE4B5A0010CD3D /* MyFirstApp.app */ = {isa = PBXFileReference; explicitFileType = wrapper.application; includeInIndex = 0; path = MyFirstApp.app; sourceTree = BUILT_PRODUCTS_DIR; };
		55DDC3922ABE4B5A0010CD3D /* AppDelegate.swift */ = {isa = PBXFileReference; lastKnownFileType = sourcecode.swift; path = AppDelegate.swift; sourceTree = "<group>"; };
		55DDC3942ABE4B5A0010CD3D /* SceneDelegate.swift */ = {isa = PBXFileReference; lastKnownFileType = sourcecode.swift; path = SceneDelegate.swift; sourceTree = "<group>"; };
		55DDC3962ABE4B5A0010CD3D /* ViewController.swift */ = {isa = PBXFileReference; lastKnownFileType = sourcecode.swift; path = ViewController.swift; sourceTree = "<group>"; };
		55DDC3992ABE4B5A0010CD3D /* Base */ = {isa = PBXFileReference; lastKnownFileType = file.storyboard; name = Base; path = Base.lproj/Main.storyboard; sourceTree = "<group>"; };
		55DDC39B2ABE4B5B0010CD3D /* Assets.xcassets */ = {isa = PBXFileReference; lastKnownFileType = folder.assetcatalog; path = Assets.xcassets; sourceTree = "<group>"; };
		55DDC39E2ABE4B5B0010CD3D /* Base */ = {isa = PBXFileReference; lastKnownFileType = file.storyboard; name = Base; path = Base.lproj/LaunchScreen.storyboard; sourceTree = "<group>"; };
		55DDC3A02ABE4B5B0010CD3D /* Info.plist */ = {isa = PBXFileReference; lastKnownFileType = text.plist.xml; path = Info.plist; sourceTree = "<group>"; };
		55DDC3A52ABE4B5B0010CD3D /* MyFirstAppTests.xctest */ = {isa = PBXFileReference; explicitFileType = wrapper.cfbundle; includeInIndex = 0; path = MyFirstAppTests.xctest; sourceTree = BUILT_PRODUCTS_DIR; };
		55DDC3A92ABE4B5B0010CD3D /* MyFirstAppTests.swift */ = {isa = PBXFileReference; lastKnownFileType = sourcecode.swift; path = MyFirstAppTests.swift; sourceTree = "<group>"; };
		55DDC3AF2ABE4B5B0010CD3D /* MyFirstAppUITests.xctest */ = {isa = PBXFileReference; explicitFileType = wrapper.cfbundle; includeInIndex = 0; path = MyFirstAppUITests.xctest; sourceTree = BUILT_PRODUCTS_DIR; };
		55DDC3B32ABE4B5B0010CD3D /* MyFirstAppUITests.swift */ = {isa = PBXFileReference; lastKnownFileType = sourcecode.swift; path = MyFirstAppUITests.swift; sourceTree = "<group>"; };
		55DDC3B52ABE4B5B0010CD3D /* MyFirstAppUITestsLaunchTests.swift */ = {isa = PBXFileReference; lastKnownFileType = sourcecode.swift; path = MyFirstAppUITestsLaunchTests.swift; sourceTree = "<group>"; };
		55DDC3C22ABE54220010CD3D /* MySecondlLunchScreen.storyboard */ = {isa = PBXFileReference; lastKnownFileType = file.storyboard; path = MySecondlLunchScreen.storyboard; sourceTree = "<group>"; };
/* End PBXFileReference section */

/* Begin PBXFrameworksBuildPhase section */
		55DDC38C2ABE4B5A0010CD3D /* Frameworks */ = {
			isa = PBXFrameworksBuildPhase;
			buildActionMask = 2147483647;
			files = (
			);
			runOnlyForDeploymentPostprocessing = 0;
		};
		55DDC3A22ABE4B5B0010CD3D /* Frameworks */ = {
			isa = PBXFrameworksBuildPhase;
			buildActionMask = 2147483647;
			files = (
			);
			runOnlyForDeploymentPostprocessing = 0;
		};
		55DDC3AC2ABE4B5B0010CD3D /* Frameworks */ = {
			isa = PBXFrameworksBuildPhase;
			buildActionMask = 2147483647;
			files = (
			);
			runOnlyForDeploymentPostprocessing = 0;
		};
/* End PBXFrameworksBuildPhase section */

/* Begin PBXGroup section */
		55DDC3862ABE4B5A0010CD3D = {
			isa = PBXGroup;
			children = (
				55DDC3912ABE4B5A0010CD3D /* MyFirstApp */,
				55DDC3A82ABE4B5B0010CD3D /* MyFirstAppTests */,
				55DDC3B22ABE4B5B0010CD3D /* MyFirstAppUITests */,
				55DDC3902ABE4B5A0010CD3D /* Products */,
			);
			sourceTree = "<group>";
		};
		55DDC3902ABE4B5A0010CD3D /* Products */ = {
			isa = PBXGroup;
			children = (
				55DDC38F2ABE4B5A0010CD3D /* MyFirstApp.app */,
				55DDC3A52ABE4B5B0010CD3D /* MyFirstAppTests.xctest */,
				55DDC3AF2ABE4B5B0010CD3D /* MyFirstAppUITests.xctest */,
			);
			name = Products;
			sourceTree = "<group>";
		};
		55DDC3912ABE4B5A0010CD3D /* MyFirstApp */ = {
			isa = PBXGroup;
			children = (
				55DDC3922ABE4B5A0010CD3D /* AppDelegate.swift */,
				55DDC3942ABE4B5A0010CD3D /* SceneDelegate.swift */,
				55DDC3962ABE4B5A0010CD3D /* ViewController.swift */,
				55DDC3982ABE4B5A0010CD3D /* Main.storyboard */,
				55DDC39B2ABE4B5B0010CD3D /* Assets.xcassets */,
				55DDC39D2ABE4B5B0010CD3D /* LaunchScreen.storyboard */,
				55DDC3A02ABE4B5B0010CD3D /* Info.plist */,
				55DDC3C22ABE54220010CD3D /* MySecondlLunchScreen.storyboard */,
				55793A2F2AC78931003F98B6 /* ImageStackViewController.swift */,
			);
			path = MyFirstApp;
			sourceTree = "<group>";
		};
		55DDC3A82ABE4B5B0010CD3D /* MyFirstAppTests */ = {
			isa = PBXGroup;
			children = (
				55DDC3A92ABE4B5B0010CD3D /* MyFirstAppTests.swift */,
			);
			path = MyFirstAppTests;
			sourceTree = "<group>";
		};
		55DDC3B22ABE4B5B0010CD3D /* MyFirstAppUITests */ = {
			isa = PBXGroup;
			children = (
				55DDC3B32ABE4B5B0010CD3D /* MyFirstAppUITests.swift */,
				55DDC3B52ABE4B5B0010CD3D /* MyFirstAppUITestsLaunchTests.swift */,
			);
			path = MyFirstAppUITests;
			sourceTree = "<group>";
		};
/* End PBXGroup section */

/* Begin PBXNativeTarget section */
		55DDC38E2ABE4B5A0010CD3D /* MyFirstApp */ = {
			isa = PBXNativeTarget;
			buildConfigurationList = 55DDC3B92ABE4B5B0010CD3D /* Build configuration list for PBXNativeTarget "MyFirstApp" */;
			buildPhases = (
				55DDC38B2ABE4B5A0010CD3D /* Sources */,
				55DDC38C2ABE4B5A0010CD3D /* Frameworks */,
				55DDC38D2ABE4B5A0010CD3D /* Resources */,
			);
			buildRules = (
			);
			dependencies = (
			);
			name = MyFirstApp;
			productName = MyFirstApp;
			productReference = 55DDC38F2ABE4B5A0010CD3D /* MyFirstApp.app */;
			productType = "com.apple.product-type.application";
		};
		55DDC3A42ABE4B5B0010CD3D /* MyFirstAppTests */ = {
			isa = PBXNativeTarget;
			buildConfigurationList = 55DDC3BC2ABE4B5B0010CD3D /* Build configuration list for PBXNativeTarget "MyFirstAppTests" */;
			buildPhases = (
				55DDC3A12ABE4B5B0010CD3D /* Sources */,
				55DDC3A22ABE4B5B0010CD3D /* Frameworks */,
				55DDC3A32ABE4B5B0010CD3D /* Resources */,
			);
			buildRules = (
			);
			dependencies = (
				55DDC3A72ABE4B5B0010CD3D /* PBXTargetDependency */,
			);
			name = MyFirstAppTests;
			productName = MyFirstAppTests;
			productReference = 55DDC3A52ABE4B5B0010CD3D /* MyFirstAppTests.xctest */;
			productType = "com.apple.product-type.bundle.unit-test";
		};
		55DDC3AE2ABE4B5B0010CD3D /* MyFirstAppUITests */ = {
			isa = PBXNativeTarget;
			buildConfigurationList = 55DDC3BF2ABE4B5B0010CD3D /* Build configuration list for PBXNativeTarget "MyFirstAppUITests" */;
			buildPhases = (
				55DDC3AB2ABE4B5B0010CD3D /* Sources */,
				55DDC3AC2ABE4B5B0010CD3D /* Frameworks */,
				55DDC3AD2ABE4B5B0010CD3D /* Resources */,
			);
			buildRules = (
			);
			dependencies = (
				55DDC3B12ABE4B5B0010CD3D /* PBXTargetDependency */,
			);
			name = MyFirstAppUITests;
			productName = MyFirstAppUITests;
			productReference = 55DDC3AF2ABE4B5B0010CD3D /* MyFirstAppUITests.xctest */;
			productType = "com.apple.product-type.bundle.ui-testing";
		};
/* End PBXNativeTarget section */

/* Begin PBXProject section */
		55DDC3872ABE4B5A0010CD3D /* Project object */ = {
			isa = PBXProject;
			attributes = {
				BuildIndependentTargetsInParallel = 1;
				LastSwiftUpdateCheck = 1500;
				LastUpgradeCheck = 1500;
				TargetAttributes = {
					55DDC38E2ABE4B5A0010CD3D = {
						CreatedOnToolsVersion = 15.0;
					};
					55DDC3A42ABE4B5B0010CD3D = {
						CreatedOnToolsVersion = 15.0;
						TestTargetID = 55DDC38E2ABE4B5A0010CD3D;
					};
					55DDC3AE2ABE4B5B0010CD3D = {
						CreatedOnToolsVersion = 15.0;
						TestTargetID = 55DDC38E2ABE4B5A0010CD3D;
					};
				};
			};
			buildConfigurationList = 55DDC38A2ABE4B5A0010CD3D /* Build configuration list for PBXProject "MyFirstApp" */;
			compatibilityVersion = "Xcode 14.0";
			developmentRegion = en;
			hasScannedForEncodings = 0;
			knownRegions = (
				en,
				Base,
			);
			mainGroup = 55DDC3862ABE4B5A0010CD3D;
			productRefGroup = 55DDC3902ABE4B5A0010CD3D /* Products */;
			projectDirPath = "";
			projectRoot = "";
			targets = (
				55DDC38E2ABE4B5A0010CD3D /* MyFirstApp */,
				55DDC3A42ABE4B5B0010CD3D /* MyFirstAppTests */,
				55DDC3AE2ABE4B5B0010CD3D /* MyFirstAppUITests */,
			);
		};
/* End PBXProject section */

/* Begin PBXResourcesBuildPhase section */
		55DDC38D2ABE4B5A0010CD3D /* Resources */ = {
			isa = PBXResourcesBuildPhase;
			buildActionMask = 2147483647;
			files = (
				55DDC39F2ABE4B5B0010CD3D /* LaunchScreen.storyboard in Resources */,
				55DDC39C2ABE4B5B0010CD3D /* Assets.xcassets in Resources */,
				55DDC3C32ABE54220010CD3D /* MySecondlLunchScreen.storyboard in Resources */,
				55DDC39A2ABE4B5A0010CD3D /* Main.storyboard in Resources */,
			);
			runOnlyForDeploymentPostprocessing = 0;
		};
		55DDC3A32ABE4B5B0010CD3D /* Resources */ = {
			isa = PBXResourcesBuildPhase;
			buildActionMask = 2147483647;
			files = (
			);
			runOnlyForDeploymentPostprocessing = 0;
		};
		55DDC3AD2ABE4B5B0010CD3D /* Resources */ = {
			isa = PBXResourcesBuildPhase;
			buildActionMask = 2147483647;
			files = (
			);
			runOnlyForDeploymentPostprocessing = 0;
		};
/* End PBXResourcesBuildPhase section */

/* Begin PBXSourcesBuildPhase section */
		55DDC38B2ABE4B5A0010CD3D /* Sources */ = {
			isa = PBXSourcesBuildPhase;
			buildActionMask = 2147483647;
			files = (
				55DDC3972ABE4B5A0010CD3D /* ViewController.swift in Sources */,
				55793A302AC78931003F98B6 /* ImageStackViewController.swift in Sources */,
				55DDC3932ABE4B5A0010CD3D /* AppDelegate.swift in Sources */,
				55DDC3952ABE4B5A0010CD3D /* SceneDelegate.swift in Sources */,
			);
			runOnlyForDeploymentPostprocessing = 0;
		};
		55DDC3A12ABE4B5B0010CD3D /* Sources */ = {
			isa = PBXSourcesBuildPhase;
			buildActionMask = 2147483647;
			files = (
				55DDC3AA2ABE4B5B0010CD3D /* MyFirstAppTests.swift in Sources */,
			);
			runOnlyForDeploymentPostprocessing = 0;
		};
		55DDC3AB2ABE4B5B0010CD3D /* Sources */ = {
			isa = PBXSourcesBuildPhase;
			buildActionMask = 2147483647;
			files = (
				55DDC3B42ABE4B5B0010CD3D /* MyFirstAppUITests.swift in Sources */,
				55DDC3B62ABE4B5B0010CD3D /* MyFirstAppUITestsLaunchTests.swift in Sources */,
			);
			runOnlyForDeploymentPostprocessing = 0;
		};
/* End PBXSourcesBuildPhase section */

/* Begin PBXTargetDependency section */
		55DDC3A72ABE4B5B0010CD3D /* PBXTargetDependency */ = {
			isa = PBXTargetDependency;
			target = 55DDC38E2ABE4B5A0010CD3D /* MyFirstApp */;
			targetProxy = 55DDC3A62ABE4B5B0010CD3D /* PBXContainerItemProxy */;
		};
		55DDC3B12ABE4B5B0010CD3D /* PBXTargetDependency */ = {
			isa = PBXTargetDependency;
			target = 55DDC38E2ABE4B5A0010CD3D /* MyFirstApp */;
			targetProxy = 55DDC3B02ABE4B5B0010CD3D /* PBXContainerItemProxy */;
		};
/* End PBXTargetDependency section */

/* Begin PBXVariantGroup section */
		55DDC3982ABE4B5A0010CD3D /* Main.storyboard */ = {
			isa = PBXVariantGroup;
			children = (
				55DDC3992ABE4B5A0010CD3D /* Base */,
			);
			name = Main.storyboard;
			sourceTree = "<group>";
		};
		55DDC39D2ABE4B5B0010CD3D /* LaunchScreen.storyboard */ = {
			isa = PBXVariantGroup;
			children = (
				55DDC39E2ABE4B5B0010CD3D /* Base */,
			);
			name = LaunchScreen.storyboard;
			sourceTree = "<group>";
		};
/* End PBXVariantGroup section */

/* Begin XCBuildConfiguration section */
		55DDC3B72ABE4B5B0010CD3D /* Debug */ = {
			isa = XCBuildConfiguration;
			buildSettings = {
				ALWAYS_SEARCH_USER_PATHS = NO;
				ASSETCATALOG_COMPILER_GENERATE_SWIFT_ASSET_SYMBOL_EXTENSIONS = YES;
				CLANG_ANALYZER_NONNULL = YES;
				CLANG_ANALYZER_NUMBER_OBJECT_CONVERSION = YES_AGGRESSIVE;
				CLANG_CXX_LANGUAGE_STANDARD = "gnu++20";
				CLANG_ENABLE_MODULES = YES;
				CLANG_ENABLE_OBJC_ARC = YES;
				CLANG_ENABLE_OBJC_WEAK = YES;
				CLANG_WARN_BLOCK_CAPTURE_AUTORELEASING = YES;
				CLANG_WARN_BOOL_CONVERSION = YES;
				CLANG_WARN_COMMA = YES;
				CLANG_WARN_CONSTANT_CONVERSION = YES;
				CLANG_WARN_DEPRECATED_OBJC_IMPLEMENTATIONS = YES;
				CLANG_WARN_DIRECT_OBJC_ISA_USAGE = YES_ERROR;
				CLANG_WARN_DOCUMENTATION_COMMENTS = YES;
				CLANG_WARN_EMPTY_BODY = YES;
				CLANG_WARN_ENUM_CONVERSION = YES;
				CLANG_WARN_INFINITE_RECURSION = YES;
				CLANG_WARN_INT_CONVERSION = YES;
				CLANG_WARN_NON_LITERAL_NULL_CONVERSION = YES;
				CLANG_WARN_OBJC_IMPLICIT_RETAIN_SELF = YES;
				CLANG_WARN_OBJC_LITERAL_CONVERSION = YES;
				CLANG_WARN_OBJC_ROOT_CLASS = YES_ERROR;
				CLANG_WARN_QUOTED_INCLUDE_IN_FRAMEWORK_HEADER = YES;
				CLANG_WARN_RANGE_LOOP_ANALYSIS = YES;
				CLANG_WARN_STRICT_PROTOTYPES = YES;
				CLANG_WARN_SUSPICIOUS_MOVE = YES;
				CLANG_WARN_UNGUARDED_AVAILABILITY = YES_AGGRESSIVE;
				CLANG_WARN_UNREACHABLE_CODE = YES;
				CLANG_WARN__DUPLICATE_METHOD_MATCH = YES;
				COPY_PHASE_STRIP = NO;
				DEBUG_INFORMATION_FORMAT = dwarf;
				ENABLE_STRICT_OBJC_MSGSEND = YES;
				ENABLE_TESTABILITY = YES;
				ENABLE_USER_SCRIPT_SANDBOXING = YES;
				GCC_C_LANGUAGE_STANDARD = gnu17;
				GCC_DYNAMIC_NO_PIC = NO;
				GCC_NO_COMMON_BLOCKS = YES;
				GCC_OPTIMIZATION_LEVEL = 0;
				GCC_PREPROCESSOR_DEFINITIONS = (
					"DEBUG=1",
					"$(inherited)",
				);
				GCC_WARN_64_TO_32_BIT_CONVERSION = YES;
				GCC_WARN_ABOUT_RETURN_TYPE = YES_ERROR;
				GCC_WARN_UNDECLARED_SELECTOR = YES;
				GCC_WARN_UNINITIALIZED_AUTOS = YES_AGGRESSIVE;
				GCC_WARN_UNUSED_FUNCTION = YES;
				GCC_WARN_UNUSED_VARIABLE = YES;
				IPHONEOS_DEPLOYMENT_TARGET = 17.0;
				LOCALIZATION_PREFERS_STRING_CATALOGS = YES;
				MTL_ENABLE_DEBUG_INFO = INCLUDE_SOURCE;
				MTL_FAST_MATH = YES;
				ONLY_ACTIVE_ARCH = YES;
				SDKROOT = iphoneos;
				SWIFT_ACTIVE_COMPILATION_CONDITIONS = "DEBUG $(inherited)";
				SWIFT_OPTIMIZATION_LEVEL = "-Onone";
			};
			name = Debug;
		};
		55DDC3B82ABE4B5B0010CD3D /* Release */ = {
			isa = XCBuildConfiguration;
			buildSettings = {
				ALWAYS_SEARCH_USER_PATHS = NO;
				ASSETCATALOG_COMPILER_GENERATE_SWIFT_ASSET_SYMBOL_EXTENSIONS = YES;
				CLANG_ANALYZER_NONNULL = YES;
				CLANG_ANALYZER_NUMBER_OBJECT_CONVERSION = YES_AGGRESSIVE;
				CLANG_CXX_LANGUAGE_STANDARD = "gnu++20";
				CLANG_ENABLE_MODULES = YES;
				CLANG_ENABLE_OBJC_ARC = YES;
				CLANG_ENABLE_OBJC_WEAK = YES;
				CLANG_WARN_BLOCK_CAPTURE_AUTORELEASING = YES;
				CLANG_WARN_BOOL_CONVERSION = YES;
				CLANG_WARN_COMMA = YES;
				CLANG_WARN_CONSTANT_CONVERSION = YES;
				CLANG_WARN_DEPRECATED_OBJC_IMPLEMENTATIONS = YES;
				CLANG_WARN_DIRECT_OBJC_ISA_USAGE = YES_ERROR;
				CLANG_WARN_DOCUMENTATION_COMMENTS = YES;
				CLANG_WARN_EMPTY_BODY = YES;
				CLANG_WARN_ENUM_CONVERSION = YES;
				CLANG_WARN_INFINITE_RECURSION = YES;
				CLANG_WARN_INT_CONVERSION = YES;
				CLANG_WARN_NON_LITERAL_NULL_CONVERSION = YES;
				CLANG_WARN_OBJC_IMPLICIT_RETAIN_SELF = YES;
				CLANG_WARN_OBJC_LITERAL_CONVERSION = YES;
				CLANG_WARN_OBJC_ROOT_CLASS = YES_ERROR;
				CLANG_WARN_QUOTED_INCLUDE_IN_FRAMEWORK_HEADER = YES;
				CLANG_WARN_RANGE_LOOP_ANALYSIS = YES;
				CLANG_WARN_STRICT_PROTOTYPES = YES;
				CLANG_WARN_SUSPICIOUS_MOVE = YES;
				CLANG_WARN_UNGUARDED_AVAILABILITY = YES_AGGRESSIVE;
				CLANG_WARN_UNREACHABLE_CODE = YES;
				CLANG_WARN__DUPLICATE_METHOD_MATCH = YES;
				COPY_PHASE_STRIP = NO;
				DEBUG_INFORMATION_FORMAT = "dwarf-with-dsym";
				ENABLE_NS_ASSERTIONS = NO;
				ENABLE_STRICT_OBJC_MSGSEND = YES;
				ENABLE_USER_SCRIPT_SANDBOXING = YES;
				GCC_C_LANGUAGE_STANDARD = gnu17;
				GCC_NO_COMMON_BLOCKS = YES;
				GCC_WARN_64_TO_32_BIT_CONVERSION = YES;
				GCC_WARN_ABOUT_RETURN_TYPE = YES_ERROR;
				GCC_WARN_UNDECLARED_SELECTOR = YES;
				GCC_WARN_UNINITIALIZED_AUTOS = YES_AGGRESSIVE;
				GCC_WARN_UNUSED_FUNCTION = YES;
				GCC_WARN_UNUSED_VARIABLE = YES;
				IPHONEOS_DEPLOYMENT_TARGET = 17.0;
				LOCALIZATION_PREFERS_STRING_CATALOGS = YES;
				MTL_ENABLE_DEBUG_INFO = NO;
				MTL_FAST_MATH = YES;
				SDKROOT = iphoneos;
				SWIFT_COMPILATION_MODE = wholemodule;
				VALIDATE_PRODUCT = YES;
			};
			name = Release;
		};
		55DDC3BA2ABE4B5B0010CD3D /* Debug */ = {
			isa = XCBuildConfiguration;
			buildSettings = {
				ASSETCATALOG_COMPILER_APPICON_NAME = AppIcon;
				ASSETCATALOG_COMPILER_GLOBAL_ACCENT_COLOR_NAME = AccentColor;
				CODE_SIGN_STYLE = Automatic;
				CURRENT_PROJECT_VERSION = 1;
				GENERATE_INFOPLIST_FILE = YES;
				INFOPLIST_FILE = MyFirstApp/Info.plist;
				INFOPLIST_KEY_UIApplicationSupportsIndirectInputEvents = YES;
				INFOPLIST_KEY_UILaunchStoryboardName = MySecondlLunchScreen;
				INFOPLIST_KEY_UIMainStoryboardFile = Main;
				INFOPLIST_KEY_UISupportedInterfaceOrientations_iPad = "UIInterfaceOrientationPortrait UIInterfaceOrientationPortraitUpsideDown UIInterfaceOrientationLandscapeLeft UIInterfaceOrientationLandscapeRight";
				INFOPLIST_KEY_UISupportedInterfaceOrientations_iPhone = "UIInterfaceOrientationPortrait UIInterfaceOrientationLandscapeLeft UIInterfaceOrientationLandscapeRight";
				LD_RUNPATH_SEARCH_PATHS = (
					"$(inherited)",
					"@executable_path/Frameworks",
				);
				MARKETING_VERSION = 1.0;
				PRODUCT_BUNDLE_IDENTIFIER = myOrg.MyFirstApp;
				PRODUCT_NAME = "$(TARGET_NAME)";
				SWIFT_EMIT_LOC_STRINGS = YES;
				SWIFT_VERSION = 5.0;
				TARGETED_DEVICE_FAMILY = "1,2";
			};
			name = Debug;
		};
		55DDC3BB2ABE4B5B0010CD3D /* Release */ = {
			isa = XCBuildConfiguration;
			buildSettings = {
				ASSETCATALOG_COMPILER_APPICON_NAME = AppIcon;
				ASSETCATALOG_COMPILER_GLOBAL_ACCENT_COLOR_NAME = AccentColor;
				CODE_SIGN_STYLE = Automatic;
				CURRENT_PROJECT_VERSION = 1;
				GENERATE_INFOPLIST_FILE = YES;
				INFOPLIST_FILE = MyFirstApp/Info.plist;
				INFOPLIST_KEY_UIApplicationSupportsIndirectInputEvents = YES;
				INFOPLIST_KEY_UILaunchStoryboardName = MySecondlLunchScreen;
				INFOPLIST_KEY_UIMainStoryboardFile = Main;
				INFOPLIST_KEY_UISupportedInterfaceOrientations_iPad = "UIInterfaceOrientationPortrait UIInterfaceOrientationPortraitUpsideDown UIInterfaceOrientationLandscapeLeft UIInterfaceOrientationLandscapeRight";
				INFOPLIST_KEY_UISupportedInterfaceOrientations_iPhone = "UIInterfaceOrientationPortrait UIInterfaceOrientationLandscapeLeft UIInterfaceOrientationLandscapeRight";
				LD_RUNPATH_SEARCH_PATHS = (
					"$(inherited)",
					"@executable_path/Frameworks",
				);
				MARKETING_VERSION = 1.0;
				PRODUCT_BUNDLE_IDENTIFIER = myOrg.MyFirstApp;
				PRODUCT_NAME = "$(TARGET_NAME)";
				SWIFT_EMIT_LOC_STRINGS = YES;
				SWIFT_VERSION = 5.0;
				TARGETED_DEVICE_FAMILY = "1,2";
			};
			name = Release;
		};
		55DDC3BD2ABE4B5B0010CD3D /* Debug */ = {
			isa = XCBuildConfiguration;
			buildSettings = {
				ALWAYS_EMBED_SWIFT_STANDARD_LIBRARIES = YES;
				BUNDLE_LOADER = "$(TEST_HOST)";
				CODE_SIGN_STYLE = Automatic;
				CURRENT_PROJECT_VERSION = 1;
				GENERATE_INFOPLIST_FILE = YES;
				IPHONEOS_DEPLOYMENT_TARGET = 17.0;
				MARKETING_VERSION = 1.0;
				PRODUCT_BUNDLE_IDENTIFIER = myOrg.MyFirstAppTests;
				PRODUCT_NAME = "$(TARGET_NAME)";
				SWIFT_EMIT_LOC_STRINGS = NO;
				SWIFT_VERSION = 5.0;
				TARGETED_DEVICE_FAMILY = "1,2";
				TEST_HOST = "$(BUILT_PRODUCTS_DIR)/MyFirstApp.app/$(BUNDLE_EXECUTABLE_FOLDER_PATH)/MyFirstApp";
			};
			name = Debug;
		};
		55DDC3BE2ABE4B5B0010CD3D /* Release */ = {
			isa = XCBuildConfiguration;
			buildSettings = {
				ALWAYS_EMBED_SWIFT_STANDARD_LIBRARIES = YES;
				BUNDLE_LOADER = "$(TEST_HOST)";
				CODE_SIGN_STYLE = Automatic;
				CURRENT_PROJECT_VERSION = 1;
				GENERATE_INFOPLIST_FILE = YES;
				IPHONEOS_DEPLOYMENT_TARGET = 17.0;
				MARKETING_VERSION = 1.0;
				PRODUCT_BUNDLE_IDENTIFIER = myOrg.MyFirstAppTests;
				PRODUCT_NAME = "$(TARGET_NAME)";
				SWIFT_EMIT_LOC_STRINGS = NO;
				SWIFT_VERSION = 5.0;
				TARGETED_DEVICE_FAMILY = "1,2";
				TEST_HOST = "$(BUILT_PRODUCTS_DIR)/MyFirstApp.app/$(BUNDLE_EXECUTABLE_FOLDER_PATH)/MyFirstApp";
			};
			name = Release;
		};
		55DDC3C02ABE4B5B0010CD3D /* Debug */ = {
			isa = XCBuildConfiguration;
			buildSettings = {
				ALWAYS_EMBED_SWIFT_STANDARD_LIBRARIES = YES;
				CODE_SIGN_STYLE = Automatic;
				CURRENT_PROJECT_VERSION = 1;
				GENERATE_INFOPLIST_FILE = YES;
				MARKETING_VERSION = 1.0;
				PRODUCT_BUNDLE_IDENTIFIER = myOrg.MyFirstAppUITests;
				PRODUCT_NAME = "$(TARGET_NAME)";
				SWIFT_EMIT_LOC_STRINGS = NO;
				SWIFT_VERSION = 5.0;
				TARGETED_DEVICE_FAMILY = "1,2";
				TEST_TARGET_NAME = MyFirstApp;
			};
			name = Debug;
		};
		55DDC3C12ABE4B5B0010CD3D /* Release */ = {
			isa = XCBuildConfiguration;
			buildSettings = {
				ALWAYS_EMBED_SWIFT_STANDARD_LIBRARIES = YES;
				CODE_SIGN_STYLE = Automatic;
				CURRENT_PROJECT_VERSION = 1;
				GENERATE_INFOPLIST_FILE = YES;
				MARKETING_VERSION = 1.0;
				PRODUCT_BUNDLE_IDENTIFIER = myOrg.MyFirstAppUITests;
				PRODUCT_NAME = "$(TARGET_NAME)";
				SWIFT_EMIT_LOC_STRINGS = NO;
				SWIFT_VERSION = 5.0;
				TARGETED_DEVICE_FAMILY = "1,2";
				TEST_TARGET_NAME = MyFirstApp;
			};
			name = Release;
		};
/* End XCBuildConfiguration section */

/* Begin XCConfigurationList section */
		55DDC38A2ABE4B5A0010CD3D /* Build configuration list for PBXProject "MyFirstApp" */ = {
			isa = XCConfigurationList;
			buildConfigurations = (
				55DDC3B72ABE4B5B0010CD3D /* Debug */,
				55DDC3B82ABE4B5B0010CD3D /* Release */,
			);
			defaultConfigurationIsVisible = 0;
			defaultConfigurationName = Release;
		};
		55DDC3B92ABE4B5B0010CD3D /* Build configuration list for PBXNativeTarget "MyFirstApp" */ = {
			isa = XCConfigurationList;
			buildConfigurations = (
				55DDC3BA2ABE4B5B0010CD3D /* Debug */,
				55DDC3BB2ABE4B5B0010CD3D /* Release */,
			);
			defaultConfigurationIsVisible = 0;
			defaultConfigurationName = Release;
		};
		55DDC3BC2ABE4B5B0010CD3D /* Build configuration list for PBXNativeTarget "MyFirstAppTests" */ = {
			isa = XCConfigurationList;
			buildConfigurations = (
				55DDC3BD2ABE4B5B0010CD3D /* Debug */,
				55DDC3BE2ABE4B5B0010CD3D /* Release */,
			);
			defaultConfigurationIsVisible = 0;
			defaultConfigurationName = Release;
		};
		55DDC3BF2ABE4B5B0010CD3D /* Build configuration list for PBXNativeTarget "MyFirstAppUITests" */ = {
			isa = XCConfigurationList;
			buildConfigurations = (
				55DDC3C02ABE4B5B0010CD3D /* Debug */,
				55DDC3C12ABE4B5B0010CD3D /* Release */,
			);
			defaultConfigurationIsVisible = 0;
			defaultConfigurationName = Release;
		};
/* End XCConfigurationList section */
	};
	rootObject = 55DDC3872ABE4B5A0010CD3D /* Project object */;
}
